version = 1
revision = 1
requires-python = ">=3.10"

[[package]]
name = "jfk-ocr"
version = "0.1.0"
source = { virtual = "." }
dependencies = [
    { name = "numpy" },
    { name = "rapidfuzz" },
    { name = "scipy" },
]

[package.metadata]
requires-dist = [
    { name = "numpy", specifier = ">=2.2.4" },
    { name = "rapidfuzz", specifier = ">=3.12.2" },
    { name = "scipy", specifier = ">=1.15.2" },
]

[[package]]
name = "numpy"
version = "2.2.4"
source = { registry = "https://pypi.org/simple" }
sdist = { url = "https://files.pythonhosted.org/packages/e1/78/31103410a57bc2c2b93a3597340a8119588571f6a4539067546cb9a0bfac/numpy-2.2.4.tar.gz", hash = "sha256:9ba03692a45d3eef66559efe1d1096c4b9b75c0986b5dff5530c378fb8331d4f", size = 20270701 }
wheels = [
    { url = "https://files.pythonhosted.org/packages/04/89/a79e86e5c1433926ed7d60cb267fb64aa578b6101ab645800fd43b4801de/numpy-2.2.4-cp310-cp310-macosx_10_9_x86_64.whl", hash = "sha256:8146f3550d627252269ac42ae660281d673eb6f8b32f113538e0cc2a9aed42b9", size = 21250661 },
    { url = "https://files.pythonhosted.org/packages/79/c2/f50921beb8afd60ed9589ad880332cfefdb805422210d327fb48f12b7a81/numpy-2.2.4-cp310-cp310-macosx_11_0_arm64.whl", hash = "sha256:e642d86b8f956098b564a45e6f6ce68a22c2c97a04f5acd3f221f57b8cb850ae", size = 14389926 },
    { url = "https://files.pythonhosted.org/packages/c7/b9/2c4e96130b0b0f97b0ef4a06d6dae3b39d058b21a5e2fa2decd7fd6b1c8f/numpy-2.2.4-cp310-cp310-macosx_14_0_arm64.whl", hash = "sha256:a84eda42bd12edc36eb5b53bbcc9b406820d3353f1994b6cfe453a33ff101775", size = 5428329 },
    { url = "https://files.pythonhosted.org/packages/7f/a5/3d7094aa898f4fc5c84cdfb26beeae780352d43f5d8bdec966c4393d644c/numpy-2.2.4-cp310-cp310-macosx_14_0_x86_64.whl", hash = "sha256:4ba5054787e89c59c593a4169830ab362ac2bee8a969249dc56e5d7d20ff8df9", size = 6963559 },
    { url = "https://files.pythonhosted.org/packages/4c/22/fb1be710a14434c09080dd4a0acc08939f612ec02efcb04b9e210474782d/numpy-2.2.4-cp310-cp310-manylinux_2_17_aarch64.manylinux2014_aarch64.whl", hash = "sha256:7716e4a9b7af82c06a2543c53ca476fa0b57e4d760481273e09da04b74ee6ee2", size = 14368066 },
    { url = "https://files.pythonhosted.org/packages/c2/07/2e5cc71193e3ef3a219ffcf6ca4858e46ea2be09c026ddd480d596b32867/numpy-2.2.4-cp310-cp310-manylinux_2_17_x86_64.manylinux2014_x86_64.whl", hash = "sha256:adf8c1d66f432ce577d0197dceaac2ac00c0759f573f28516246351c58a85020", size = 16417040 },
    { url = "https://files.pythonhosted.org/packages/1a/97/3b1537776ad9a6d1a41813818343745e8dd928a2916d4c9edcd9a8af1dac/numpy-2.2.4-cp310-cp310-musllinux_1_2_aarch64.whl", hash = "sha256:218f061d2faa73621fa23d6359442b0fc658d5b9a70801373625d958259eaca3", size = 15879862 },
    { url = "https://files.pythonhosted.org/packages/b0/b7/4472f603dd45ef36ff3d8e84e84fe02d9467c78f92cc121633dce6da307b/numpy-2.2.4-cp310-cp310-musllinux_1_2_x86_64.whl", hash = "sha256:df2f57871a96bbc1b69733cd4c51dc33bea66146b8c63cacbfed73eec0883017", size = 18206032 },
    { url = "https://files.pythonhosted.org/packages/0d/bd/6a092963fb82e6c5aa0d0440635827bbb2910da229545473bbb58c537ed3/numpy-2.2.4-cp310-cp310-win32.whl", hash = "sha256:a0258ad1f44f138b791327961caedffbf9612bfa504ab9597157806faa95194a", size = 6608517 },
    { url = "https://files.pythonhosted.org/packages/01/e3/cb04627bc2a1638948bc13e818df26495aa18e20d5be1ed95ab2b10b6847/numpy-2.2.4-cp310-cp310-win_amd64.whl", hash = "sha256:0d54974f9cf14acf49c60f0f7f4084b6579d24d439453d5fc5805d46a165b542", size = 12943498 },
    { url = "https://files.pythonhosted.org/packages/16/fb/09e778ee3a8ea0d4dc8329cca0a9c9e65fed847d08e37eba74cb7ed4b252/numpy-2.2.4-cp311-cp311-macosx_10_9_x86_64.whl", hash = "sha256:e9e0a277bb2eb5d8a7407e14688b85fd8ad628ee4e0c7930415687b6564207a4", size = 21254989 },
    { url = "https://files.pythonhosted.org/packages/a2/0a/1212befdbecab5d80eca3cde47d304cad986ad4eec7d85a42e0b6d2cc2ef/numpy-2.2.4-cp311-cp311-macosx_11_0_arm64.whl", hash = "sha256:9eeea959168ea555e556b8188da5fa7831e21d91ce031e95ce23747b7609f8a4", size = 14425910 },
    { url = "https://files.pythonhosted.org/packages/2b/3e/e7247c1d4f15086bb106c8d43c925b0b2ea20270224f5186fa48d4fb5cbd/numpy-2.2.4-cp311-cp311-macosx_14_0_arm64.whl", hash = "sha256:bd3ad3b0a40e713fc68f99ecfd07124195333f1e689387c180813f0e94309d6f", size = 5426490 },
    { url = "https://files.pythonhosted.org/packages/5d/fa/aa7cd6be51419b894c5787a8a93c3302a1ed4f82d35beb0613ec15bdd0e2/numpy-2.2.4-cp311-cp311-macosx_14_0_x86_64.whl", hash = "sha256:cf28633d64294969c019c6df4ff37f5698e8326db68cc2b66576a51fad634880", size = 6967754 },
    { url = "https://files.pythonhosted.org/packages/d5/ee/96457c943265de9fadeb3d2ffdbab003f7fba13d971084a9876affcda095/numpy-2.2.4-cp311-cp311-manylinux_2_17_aarch64.manylinux2014_aarch64.whl", hash = "sha256:2fa8fa7697ad1646b5c93de1719965844e004fcad23c91228aca1cf0800044a1", size = 14373079 },
    { url = "https://files.pythonhosted.org/packages/c5/5c/ceefca458559f0ccc7a982319f37ed07b0d7b526964ae6cc61f8ad1b6119/numpy-2.2.4-cp311-cp311-manylinux_2_17_x86_64.manylinux2014_x86_64.whl", hash = "sha256:f4162988a360a29af158aeb4a2f4f09ffed6a969c9776f8f3bdee9b06a8ab7e5", size = 16428819 },
    { url = "https://files.pythonhosted.org/packages/22/31/9b2ac8eee99e001eb6add9fa27514ef5e9faf176169057a12860af52704c/numpy-2.2.4-cp311-cp311-musllinux_1_2_aarch64.whl", hash = "sha256:892c10d6a73e0f14935c31229e03325a7b3093fafd6ce0af704be7f894d95687", size = 15881470 },
    { url = "https://files.pythonhosted.org/packages/f0/dc/8569b5f25ff30484b555ad8a3f537e0225d091abec386c9420cf5f7a2976/numpy-2.2.4-cp311-cp311-musllinux_1_2_x86_64.whl", hash = "sha256:db1f1c22173ac1c58db249ae48aa7ead29f534b9a948bc56828337aa84a32ed6", size = 18218144 },
    { url = "https://files.pythonhosted.org/packages/5e/05/463c023a39bdeb9bb43a99e7dee2c664cb68d5bb87d14f92482b9f6011cc/numpy-2.2.4-cp311-cp311-win32.whl", hash = "sha256:ea2bb7e2ae9e37d96835b3576a4fa4b3a97592fbea8ef7c3587078b0068b8f09", size = 6606368 },
    { url = "https://files.pythonhosted.org/packages/8b/72/10c1d2d82101c468a28adc35de6c77b308f288cfd0b88e1070f15b98e00c/numpy-2.2.4-cp311-cp311-win_amd64.whl", hash = "sha256:f7de08cbe5551911886d1ab60de58448c6df0f67d9feb7d1fb21e9875ef95e91", size = 12947526 },
    { url = "https://files.pythonhosted.org/packages/a2/30/182db21d4f2a95904cec1a6f779479ea1ac07c0647f064dea454ec650c42/numpy-2.2.4-cp312-cp312-macosx_10_13_x86_64.whl", hash = "sha256:a7b9084668aa0f64e64bd00d27ba5146ef1c3a8835f3bd912e7a9e01326804c4", size = 20947156 },
    { url = "https://files.pythonhosted.org/packages/24/6d/9483566acfbda6c62c6bc74b6e981c777229d2af93c8eb2469b26ac1b7bc/numpy-2.2.4-cp312-cp312-macosx_11_0_arm64.whl", hash = "sha256:dbe512c511956b893d2dacd007d955a3f03d555ae05cfa3ff1c1ff6df8851854", size = 14133092 },
    { url = "https://files.pythonhosted.org/packages/27/f6/dba8a258acbf9d2bed2525cdcbb9493ef9bae5199d7a9cb92ee7e9b2aea6/numpy-2.2.4-cp312-cp312-macosx_14_0_arm64.whl", hash = "sha256:bb649f8b207ab07caebba230d851b579a3c8711a851d29efe15008e31bb4de24", size = 5163515 },
    { url = "https://files.pythonhosted.org/packages/62/30/82116199d1c249446723c68f2c9da40d7f062551036f50b8c4caa42ae252/numpy-2.2.4-cp312-cp312-macosx_14_0_x86_64.whl", hash = "sha256:f34dc300df798742b3d06515aa2a0aee20941c13579d7a2f2e10af01ae4901ee", size = 6696558 },
    { url = "https://files.pythonhosted.org/packages/0e/b2/54122b3c6df5df3e87582b2e9430f1bdb63af4023c739ba300164c9ae503/numpy-2.2.4-cp312-cp312-manylinux_2_17_aarch64.manylinux2014_aarch64.whl", hash = "sha256:c3f7ac96b16955634e223b579a3e5798df59007ca43e8d451a0e6a50f6bfdfba", size = 14084742 },
    { url = "https://files.pythonhosted.org/packages/02/e2/e2cbb8d634151aab9528ef7b8bab52ee4ab10e076509285602c2a3a686e0/numpy-2.2.4-cp312-cp312-manylinux_2_17_x86_64.manylinux2014_x86_64.whl", hash = "sha256:4f92084defa704deadd4e0a5ab1dc52d8ac9e8a8ef617f3fbb853e79b0ea3592", size = 16134051 },
    { url = "https://files.pythonhosted.org/packages/8e/21/efd47800e4affc993e8be50c1b768de038363dd88865920439ef7b422c60/numpy-2.2.4-cp312-cp312-musllinux_1_2_aarch64.whl", hash = "sha256:7a4e84a6283b36632e2a5b56e121961f6542ab886bc9e12f8f9818b3c266bfbb", size = 15578972 },
    { url = "https://files.pythonhosted.org/packages/04/1e/f8bb88f6157045dd5d9b27ccf433d016981032690969aa5c19e332b138c0/numpy-2.2.4-cp312-cp312-musllinux_1_2_x86_64.whl", hash = "sha256:11c43995255eb4127115956495f43e9343736edb7fcdb0d973defd9de14cd84f", size = 17898106 },
    { url = "https://files.pythonhosted.org/packages/2b/93/df59a5a3897c1f036ae8ff845e45f4081bb06943039ae28a3c1c7c780f22/numpy-2.2.4-cp312-cp312-win32.whl", hash = "sha256:65ef3468b53269eb5fdb3a5c09508c032b793da03251d5f8722b1194f1790c00", size = 6311190 },
    { url = "https://files.pythonhosted.org/packages/46/69/8c4f928741c2a8efa255fdc7e9097527c6dc4e4df147e3cadc5d9357ce85/numpy-2.2.4-cp312-cp312-win_amd64.whl", hash = "sha256:2aad3c17ed2ff455b8eaafe06bcdae0062a1db77cb99f4b9cbb5f4ecb13c5146", size = 12644305 },
    { url = "https://files.pythonhosted.org/packages/2a/d0/bd5ad792e78017f5decfb2ecc947422a3669a34f775679a76317af671ffc/numpy-2.2.4-cp313-cp313-macosx_10_13_x86_64.whl", hash = "sha256:1cf4e5c6a278d620dee9ddeb487dc6a860f9b199eadeecc567f777daace1e9e7", size = 20933623 },
    { url = "https://files.pythonhosted.org/packages/c3/bc/2b3545766337b95409868f8e62053135bdc7fa2ce630aba983a2aa60b559/numpy-2.2.4-cp313-cp313-macosx_11_0_arm64.whl", hash = "sha256:1974afec0b479e50438fc3648974268f972e2d908ddb6d7fb634598cdb8260a0", size = 14148681 },
    { url = "https://files.pythonhosted.org/packages/6a/70/67b24d68a56551d43a6ec9fe8c5f91b526d4c1a46a6387b956bf2d64744e/numpy-2.2.4-cp313-cp313-macosx_14_0_arm64.whl", hash = "sha256:79bd5f0a02aa16808fcbc79a9a376a147cc1045f7dfe44c6e7d53fa8b8a79392", size = 5148759 },
    { url = "https://files.pythonhosted.org/packages/1c/8b/e2fc8a75fcb7be12d90b31477c9356c0cbb44abce7ffb36be39a0017afad/numpy-2.2.4-cp313-cp313-macosx_14_0_x86_64.whl", hash = "sha256:3387dd7232804b341165cedcb90694565a6015433ee076c6754775e85d86f1fc", size = 6683092 },
    { url = "https://files.pythonhosted.org/packages/13/73/41b7b27f169ecf368b52533edb72e56a133f9e86256e809e169362553b49/numpy-2.2.4-cp313-cp313-manylinux_2_17_aarch64.manylinux2014_aarch64.whl", hash = "sha256:6f527d8fdb0286fd2fd97a2a96c6be17ba4232da346931d967a0630050dfd298", size = 14081422 },
    { url = "https://files.pythonhosted.org/packages/4b/04/e208ff3ae3ddfbafc05910f89546382f15a3f10186b1f56bd99f159689c2/numpy-2.2.4-cp313-cp313-manylinux_2_17_x86_64.manylinux2014_x86_64.whl", hash = "sha256:bce43e386c16898b91e162e5baaad90c4b06f9dcbe36282490032cec98dc8ae7", size = 16132202 },
    { url = "https://files.pythonhosted.org/packages/fe/bc/2218160574d862d5e55f803d88ddcad88beff94791f9c5f86d67bd8fbf1c/numpy-2.2.4-cp313-cp313-musllinux_1_2_aarch64.whl", hash = "sha256:31504f970f563d99f71a3512d0c01a645b692b12a63630d6aafa0939e52361e6", size = 15573131 },
    { url = "https://files.pythonhosted.org/packages/a5/78/97c775bc4f05abc8a8426436b7cb1be806a02a2994b195945600855e3a25/numpy-2.2.4-cp313-cp313-musllinux_1_2_x86_64.whl", hash = "sha256:81413336ef121a6ba746892fad881a83351ee3e1e4011f52e97fba79233611fd", size = 17894270 },
    { url = "https://files.pythonhosted.org/packages/b9/eb/38c06217a5f6de27dcb41524ca95a44e395e6a1decdc0c99fec0832ce6ae/numpy-2.2.4-cp313-cp313-win32.whl", hash = "sha256:f486038e44caa08dbd97275a9a35a283a8f1d2f0ee60ac260a1790e76660833c", size = 6308141 },
    { url = "https://files.pythonhosted.org/packages/52/17/d0dd10ab6d125c6d11ffb6dfa3423c3571befab8358d4f85cd4471964fcd/numpy-2.2.4-cp313-cp313-win_amd64.whl", hash = "sha256:207a2b8441cc8b6a2a78c9ddc64d00d20c303d79fba08c577752f080c4007ee3", size = 12636885 },
    { url = "https://files.pythonhosted.org/packages/fa/e2/793288ede17a0fdc921172916efb40f3cbc2aa97e76c5c84aba6dc7e8747/numpy-2.2.4-cp313-cp313t-macosx_10_13_x86_64.whl", hash = "sha256:8120575cb4882318c791f839a4fd66161a6fa46f3f0a5e613071aae35b5dd8f8", size = 20961829 },
    { url = "https://files.pythonhosted.org/packages/3a/75/bb4573f6c462afd1ea5cbedcc362fe3e9bdbcc57aefd37c681be1155fbaa/numpy-2.2.4-cp313-cp313t-macosx_11_0_arm64.whl", hash = "sha256:a761ba0fa886a7bb33c6c8f6f20213735cb19642c580a931c625ee377ee8bd39", size = 14161419 },
    { url = "https://files.pythonhosted.org/packages/03/68/07b4cd01090ca46c7a336958b413cdbe75002286295f2addea767b7f16c9/numpy-2.2.4-cp313-cp313t-macosx_14_0_arm64.whl", hash = "sha256:ac0280f1ba4a4bfff363a99a6aceed4f8e123f8a9b234c89140f5e894e452ecd", size = 5196414 },
    { url = "https://files.pythonhosted.org/packages/a5/fd/d4a29478d622fedff5c4b4b4cedfc37a00691079623c0575978d2446db9e/numpy-2.2.4-cp313-cp313t-macosx_14_0_x86_64.whl", hash = "sha256:879cf3a9a2b53a4672a168c21375166171bc3932b7e21f622201811c43cdd3b0", size = 6709379 },
    { url = "https://files.pythonhosted.org/packages/41/78/96dddb75bb9be730b87c72f30ffdd62611aba234e4e460576a068c98eff6/numpy-2.2.4-cp313-cp313t-manylinux_2_17_aarch64.manylinux2014_aarch64.whl", hash = "sha256:f05d4198c1bacc9124018109c5fba2f3201dbe7ab6e92ff100494f236209c960", size = 14051725 },
    { url = "https://files.pythonhosted.org/packages/00/06/5306b8199bffac2a29d9119c11f457f6c7d41115a335b78d3f86fad4dbe8/numpy-2.2.4-cp313-cp313t-manylinux_2_17_x86_64.manylinux2014_x86_64.whl", hash = "sha256:e2f085ce2e813a50dfd0e01fbfc0c12bbe5d2063d99f8b29da30e544fb6483b8", size = 16101638 },
    { url = "https://files.pythonhosted.org/packages/fa/03/74c5b631ee1ded596945c12027649e6344614144369fd3ec1aaced782882/numpy-2.2.4-cp313-cp313t-musllinux_1_2_aarch64.whl", hash = "sha256:92bda934a791c01d6d9d8e038363c50918ef7c40601552a58ac84c9613a665bc", size = 15571717 },
    { url = "https://files.pythonhosted.org/packages/cb/dc/4fc7c0283abe0981e3b89f9b332a134e237dd476b0c018e1e21083310c31/numpy-2.2.4-cp313-cp313t-musllinux_1_2_x86_64.whl", hash = "sha256:ee4d528022f4c5ff67332469e10efe06a267e32f4067dc76bb7e2cddf3cd25ff", size = 17879998 },
    { url = "https://files.pythonhosted.org/packages/e5/2b/878576190c5cfa29ed896b518cc516aecc7c98a919e20706c12480465f43/numpy-2.2.4-cp313-cp313t-win32.whl", hash = "sha256:05c076d531e9998e7e694c36e8b349969c56eadd2cdcd07242958489d79a7286", size = 6366896 },
    { url = "https://files.pythonhosted.org/packages/3e/05/eb7eec66b95cf697f08c754ef26c3549d03ebd682819f794cb039574a0a6/numpy-2.2.4-cp313-cp313t-win_amd64.whl", hash = "sha256:188dcbca89834cc2e14eb2f106c96d6d46f200fe0200310fc29089657379c58d", size = 12739119 },
    { url = "https://files.pythonhosted.org/packages/b2/5c/f09c33a511aff41a098e6ef3498465d95f6360621034a3d95f47edbc9119/numpy-2.2.4-pp310-pypy310_pp73-macosx_10_15_x86_64.whl", hash = "sha256:7051ee569db5fbac144335e0f3b9c2337e0c8d5c9fee015f259a5bd70772b7e8", size = 21081956 },
    { url = "https://files.pythonhosted.org/packages/ba/30/74c48b3b6494c4b820b7fa1781d441e94d87a08daa5b35d222f06ba41a6f/numpy-2.2.4-pp310-pypy310_pp73-macosx_14_0_x86_64.whl", hash = "sha256:ab2939cd5bec30a7430cbdb2287b63151b77cf9624de0532d629c9a1c59b1d5c", size = 6827143 },
    { url = "https://files.pythonhosted.org/packages/54/f5/ab0d2f48b490535c7a80e05da4a98902b632369efc04f0e47bb31ca97d8f/numpy-2.2.4-pp310-pypy310_pp73-manylinux_2_17_x86_64.manylinux2014_x86_64.whl", hash = "sha256:d0f35b19894a9e08639fd60a1ec1978cb7f5f7f1eace62f38dd36be8aecdef4d", size = 16233350 },
    { url = "https://files.pythonhosted.org/packages/3b/3a/2f6d8c1f8e45d496bca6baaec93208035faeb40d5735c25afac092ec9a12/numpy-2.2.4-pp310-pypy310_pp73-win_amd64.whl", hash = "sha256:b4adfbbc64014976d2f91084915ca4e626fbf2057fb81af209c1a6d776d23e3d", size = 12857565 },
]

[[package]]
name = "rapidfuzz"
version = "3.12.2"
source = { registry = "https://pypi.org/simple" }
sdist = { url = "https://files.pythonhosted.org/packages/f9/be/8dff25a6157dfbde9867720b1282157fe7b809e085130bb89d7655c62186/rapidfuzz-3.12.2.tar.gz", hash = "sha256:b0ba1ccc22fff782e7152a3d3d0caca44ec4e32dc48ba01c560b8593965b5aa3", size = 57907839 }
wheels = [
    { url = "https://files.pythonhosted.org/packages/dd/47/55413211ec32f76c39a6e4f88d024d2194fd4c23abe8102cdbcf28cf80eb/rapidfuzz-3.12.2-cp310-cp310-macosx_10_9_x86_64.whl", hash = "sha256:0b9a75e0385a861178adf59e86d6616cbd0d5adca7228dc9eeabf6f62cf5b0b1", size = 1959750 },
    { url = "https://files.pythonhosted.org/packages/a3/7f/7350c9a68952b52f669b50528b0e53fca2a9d633457fc2a53d8a5e4b1bb2/rapidfuzz-3.12.2-cp310-cp310-macosx_11_0_arm64.whl", hash = "sha256:6906a7eb458731e3dd2495af1d0410e23a21a2a2b7ced535e6d5cd15cb69afc5", size = 1433727 },
    { url = "https://files.pythonhosted.org/packages/43/b0/148a34adc92f49582add349faaad9d8f4462a76cc30ad2f1d86bdba4fa44/rapidfuzz-3.12.2-cp310-cp310-manylinux_2_17_aarch64.manylinux2014_aarch64.whl", hash = "sha256:f4b3334a8958b689f292d5ce8a928140ac98919b51e084f04bf0c14276e4c6ba", size = 1423353 },
    { url = "https://files.pythonhosted.org/packages/1e/8f/923ca60dcd814dba1772420c38c8b70e1fe4e6f0b5699bb3afcbe8c4bed1/rapidfuzz-3.12.2-cp310-cp310-manylinux_2_17_i686.manylinux2014_i686.whl", hash = "sha256:85a54ce30345cff2c79cbcffa063f270ad1daedd0d0c3ff6e541d3c3ba4288cf", size = 5641810 },
    { url = "https://files.pythonhosted.org/packages/b8/91/b57ea560a8ff54e0ebb131a62740501ff7f6ffa14dc16e9853a97289614c/rapidfuzz-3.12.2-cp310-cp310-manylinux_2_17_ppc64le.manylinux2014_ppc64le.whl", hash = "sha256:acb63c5072c08058f8995404201a52fc4e1ecac105548a4d03c6c6934bda45a3", size = 1683536 },
    { url = "https://files.pythonhosted.org/packages/fd/5b/fba390383a82353b72c32b5d14f0f7669a542e7205c55f6d2ae6112369bf/rapidfuzz-3.12.2-cp310-cp310-manylinux_2_17_s390x.manylinux2014_s390x.whl", hash = "sha256:5385398d390c6571f0f2a7837e6ddde0c8b912dac096dc8c87208ce9aaaa7570", size = 1685847 },
    { url = "https://files.pythonhosted.org/packages/15/6f/5211f2e80d4e82ff793f214429cbc8a8a69ef7978fd299112ae1c5595ae8/rapidfuzz-3.12.2-cp310-cp310-manylinux_2_17_x86_64.manylinux2014_x86_64.whl", hash = "sha256:5032cbffa245b4beba0067f8ed17392ef2501b346ae3c1f1d14b950edf4b6115", size = 3142196 },
    { url = "https://files.pythonhosted.org/packages/92/fc/d2b4efecf81180c49da09ff97657e0517a5ea55a99b16a1adc56d2900c0b/rapidfuzz-3.12.2-cp310-cp310-musllinux_1_2_aarch64.whl", hash = "sha256:195adbb384d89d6c55e2fd71e7fb262010f3196e459aa2f3f45f31dd7185fe72", size = 2521222 },
    { url = "https://files.pythonhosted.org/packages/ef/5f/a27e284d37632c808eb7cd6c49178dd52354bfb290843e253af4bd46fa61/rapidfuzz-3.12.2-cp310-cp310-musllinux_1_2_i686.whl", hash = "sha256:f43b773a4d4950606fb25568ecde5f25280daf8f97b87eb323e16ecd8177b328", size = 7867428 },
    { url = "https://files.pythonhosted.org/packages/45/68/59168dd67d319a958c525a4eeada5d62a83f83a42b79f9b55917da70f1a7/rapidfuzz-3.12.2-cp310-cp310-musllinux_1_2_ppc64le.whl", hash = "sha256:55a43be0e0fa956a919043c19d19bd988991d15c59f179d413fe5145ed9deb43", size = 2904044 },
    { url = "https://files.pythonhosted.org/packages/5e/40/6bbe014b94d3cef718cfe0be41eb0cecf6fda4b1cd31ba1dddf1984afa08/rapidfuzz-3.12.2-cp310-cp310-musllinux_1_2_s390x.whl", hash = "sha256:71cf1ea16acdebe9e2fb62ee7a77f8f70e877bebcbb33b34e660af2eb6d341d9", size = 3551416 },
    { url = "https://files.pythonhosted.org/packages/e4/6b/2f8e0f7de4a5ac54258be885c2e735a315c71187481a7f3d655d650c5c4c/rapidfuzz-3.12.2-cp310-cp310-musllinux_1_2_x86_64.whl", hash = "sha256:a3692d4ab36d44685f61326dca539975a4eda49b2a76f0a3df177d8a2c0de9d2", size = 4589777 },
    { url = "https://files.pythonhosted.org/packages/51/b3/84927233624d5e308e4739c748d2cb4ba46675efb7e021661c68b7a7b941/rapidfuzz-3.12.2-cp310-cp310-win32.whl", hash = "sha256:09227bd402caa4397ba1d6e239deea635703b042dd266a4092548661fb22b9c6", size = 1862195 },
    { url = "https://files.pythonhosted.org/packages/c9/49/e101be3e62b6524ea8b271b2e949878c8b58c31a0dc5d30b90f4f5c980e7/rapidfuzz-3.12.2-cp310-cp310-win_amd64.whl", hash = "sha256:0f05b7b95f9f87254b53fa92048367a8232c26cee7fc8665e4337268c3919def", size = 1625063 },
    { url = "https://files.pythonhosted.org/packages/ed/21/a7cbb1eacad92a840a62a22f49d98b423154da49874b787e24bb630f4689/rapidfuzz-3.12.2-cp310-cp310-win_arm64.whl", hash = "sha256:6938738e00d9eb6e04097b3f565097e20b0c398f9c58959a2bc64f7f6be3d9da", size = 870054 },
    { url = "https://files.pythonhosted.org/packages/8e/41/985b8786f7895f7a7f03f80b547e04a5b9f41187f43de386ad2f32b9f9fc/rapidfuzz-3.12.2-cp311-cp311-macosx_10_9_x86_64.whl", hash = "sha256:e9c4d984621ae17404c58f8d06ed8b025e167e52c0e6a511dfec83c37e9220cd", size = 1960568 },
    { url = "https://files.pythonhosted.org/packages/90/9e/9278b4160bf86346fc5f110b5daf07af629343bfcd04a9366d355bc6104e/rapidfuzz-3.12.2-cp311-cp311-macosx_11_0_arm64.whl", hash = "sha256:9f9132c55d330f0a1d34ce6730a76805323a6250d97468a1ca766a883d6a9a25", size = 1434362 },
    { url = "https://files.pythonhosted.org/packages/e7/53/fe3fb50111e203da4e82b8694c29cbf44101cdbf1efd7ef721cdf85e0aca/rapidfuzz-3.12.2-cp311-cp311-manylinux_2_17_aarch64.manylinux2014_aarch64.whl", hash = "sha256:39b343b6cb4b2c3dbc8d2d4c5ee915b6088e3b144ddf8305a57eaab16cf9fc74", size = 1417839 },
    { url = "https://files.pythonhosted.org/packages/fd/c4/aa11749bc9d9c0539061d32f2c525d99e11588867d3d6e94693ccd4e0dd0/rapidfuzz-3.12.2-cp311-cp311-manylinux_2_17_i686.manylinux2014_i686.whl", hash = "sha256:24081077b571ec4ee6d5d7ea0e49bc6830bf05b50c1005028523b9cd356209f3", size = 5620525 },
    { url = "https://files.pythonhosted.org/packages/5f/62/463c618a5a8a44bf6b087325353e13dbd5bc19c44cc06134d3c9eff0d04a/rapidfuzz-3.12.2-cp311-cp311-manylinux_2_17_ppc64le.manylinux2014_ppc64le.whl", hash = "sha256:c988a4fc91856260355773bf9d32bebab2083d4c6df33fafeddf4330e5ae9139", size = 1671267 },
    { url = "https://files.pythonhosted.org/packages/ca/b6/ec87c56ed0fab59f8220f5b832d5c1dd374667bee73318a01392ccc8c23d/rapidfuzz-3.12.2-cp311-cp311-manylinux_2_17_s390x.manylinux2014_s390x.whl", hash = "sha256:780b4469ee21cf62b1b2e8ada042941fd2525e45d5fb6a6901a9798a0e41153c", size = 1683415 },
    { url = "https://files.pythonhosted.org/packages/46/08/862e65a1022cbfa2935e7b3f04cdaa73b0967ebf4762ddf509735da47d73/rapidfuzz-3.12.2-cp311-cp311-manylinux_2_17_x86_64.manylinux2014_x86_64.whl", hash = "sha256:edd84b0a323885493c893bad16098c5e3b3005d7caa995ae653da07373665d97", size = 3139234 },
    { url = "https://files.pythonhosted.org/packages/ee/fa/7e8c0d1d26a4b892344c743f17e2c8482f749b616cd651590bd60994b49f/rapidfuzz-3.12.2-cp311-cp311-musllinux_1_2_aarch64.whl", hash = "sha256:efa22059c765b3d8778083805b199deaaf643db070f65426f87d274565ddf36a", size = 2523730 },
    { url = "https://files.pythonhosted.org/packages/8a/52/1d5b80e990c2e9998e47be118c2dbabda75daa2a5f5ff978df1ed76d7f81/rapidfuzz-3.12.2-cp311-cp311-musllinux_1_2_i686.whl", hash = "sha256:095776b11bb45daf7c2973dd61cc472d7ea7f2eecfa454aef940b4675659b92f", size = 7880525 },
    { url = "https://files.pythonhosted.org/packages/0c/18/9c8cd7378272590a1eb0855b587f3a1fbd3492bd1612825d675320eeeb1b/rapidfuzz-3.12.2-cp311-cp311-musllinux_1_2_ppc64le.whl", hash = "sha256:7e2574cf4aa86065600b664a1ac7b8b8499107d102ecde836aaaa403fc4f1784", size = 2905180 },
    { url = "https://files.pythonhosted.org/packages/4b/94/992de5d0fc9269a93ce62979aced028e0939d3477ea99d87fd0e22f44e8d/rapidfuzz-3.12.2-cp311-cp311-musllinux_1_2_s390x.whl", hash = "sha256:d5a3425a6c50fd8fbd991d8f085ddb504791dae6ef9cc3ab299fea2cb5374bef", size = 3548613 },
    { url = "https://files.pythonhosted.org/packages/9b/25/ed3a0317f118131ee297de5936e1587e48b059e6438f4bbf92ef3bbc4927/rapidfuzz-3.12.2-cp311-cp311-musllinux_1_2_x86_64.whl", hash = "sha256:97fb05e1ddb7b71a054040af588b0634214ee87cea87900d309fafc16fd272a4", size = 4583047 },
    { url = "https://files.pythonhosted.org/packages/4d/27/10585a5a62ff6ebbefa3e836a3fd8c123e2ed0bbde8cfcdd7477032cd458/rapidfuzz-3.12.2-cp311-cp311-win32.whl", hash = "sha256:b4c5a0413589aef936892fbfa94b7ff6f7dd09edf19b5a7b83896cc9d4e8c184", size = 1863208 },
    { url = "https://files.pythonhosted.org/packages/38/4c/faacecf70a4e202a02f029ec6f6e04e910d95c4ef36d7d63b83b160f7f3e/rapidfuzz-3.12.2-cp311-cp311-win_amd64.whl", hash = "sha256:58d9ae5cf9246d102db2a2558b67fe7e73c533e5d769099747921232d88b9be2", size = 1630876 },
    { url = "https://files.pythonhosted.org/packages/a7/4b/4931da26e0677880a9a533ef75ccbe564c091aa4a3579aed0355c7e06900/rapidfuzz-3.12.2-cp311-cp311-win_arm64.whl", hash = "sha256:7635fe34246cd241c8e35eb83084e978b01b83d5ef7e5bf72a704c637f270017", size = 870896 },
    { url = "https://files.pythonhosted.org/packages/a7/d2/e071753227c9e9f7f3550b983f30565f6e994581529815fa5a8879e7cd10/rapidfuzz-3.12.2-cp312-cp312-macosx_10_13_x86_64.whl", hash = "sha256:1d982a651253ffe8434d9934ff0c1089111d60502228464721a2a4587435e159", size = 1944403 },
    { url = "https://files.pythonhosted.org/packages/aa/d1/4a10d21cc97aa36f4019af24382b5b4dc5ea6444499883c1c1286c6089ba/rapidfuzz-3.12.2-cp312-cp312-macosx_11_0_arm64.whl", hash = "sha256:02e6466caa0222d5233b1f05640873671cd99549a5c5ba4c29151634a1e56080", size = 1430287 },
    { url = "https://files.pythonhosted.org/packages/6a/2d/76d39ab0beeb884d432096fe288c41850e37608e0145264081d0cb809f3c/rapidfuzz-3.12.2-cp312-cp312-manylinux_2_17_aarch64.manylinux2014_aarch64.whl", hash = "sha256:e956b3f053e474abae69ac693a52742109d860ac2375fe88e9387d3277f4c96c", size = 1403693 },
    { url = "https://files.pythonhosted.org/packages/85/1a/719b0f6498c003627e4b83b841bdcd48b11de8a9908a9051c4d2a0bc2245/rapidfuzz-3.12.2-cp312-cp312-manylinux_2_17_i686.manylinux2014_i686.whl", hash = "sha256:2dee7d740a2d5418d4f964f39ab8d89923e6b945850db833e798a1969b19542a", size = 5555878 },
    { url = "https://files.pythonhosted.org/packages/af/48/14d952a73254b4b0e517141acd27979bd23948adaf197f6ca2dc722fde6a/rapidfuzz-3.12.2-cp312-cp312-manylinux_2_17_ppc64le.manylinux2014_ppc64le.whl", hash = "sha256:a057cdb0401e42c84b6516c9b1635f7aedd5e430c6e388bd5f6bcd1d6a0686bb", size = 1655301 },
    { url = "https://files.pythonhosted.org/packages/db/3f/b093e154e9752325d7459aa6dca43b7acbcaffa05133507e2403676e3e75/rapidfuzz-3.12.2-cp312-cp312-manylinux_2_17_s390x.manylinux2014_s390x.whl", hash = "sha256:dccf8d4fb5b86d39c581a59463c596b1d09df976da26ff04ae219604223d502f", size = 1678069 },
    { url = "https://files.pythonhosted.org/packages/d6/7e/88853ecae5b5456eb1a1d8a01cbd534e25b671735d5d974609cbae082542/rapidfuzz-3.12.2-cp312-cp312-manylinux_2_17_x86_64.manylinux2014_x86_64.whl", hash = "sha256:21d5b3793c6f5aecca595cd24164bf9d3c559e315ec684f912146fc4e769e367", size = 3137119 },
    { url = "https://files.pythonhosted.org/packages/4d/d2/b1f809b815aaf682ddac9c57929149f740b90feeb4f8da2f535c196de821/rapidfuzz-3.12.2-cp312-cp312-musllinux_1_2_aarch64.whl", hash = "sha256:46a616c0e13cff2de1761b011e0b14bb73b110182f009223f1453d505c9a975c", size = 2491639 },
    { url = "https://files.pythonhosted.org/packages/61/e4/a908d7b8db6e52ba2f80f6f0d0709ef9fdedb767db4307084331742b67f0/rapidfuzz-3.12.2-cp312-cp312-musllinux_1_2_i686.whl", hash = "sha256:19fa5bc4301a1ee55400d4a38a8ecf9522b0391fc31e6da5f4d68513fe5c0026", size = 7821561 },
    { url = "https://files.pythonhosted.org/packages/f3/83/0250c49deefff15c46f5e590d8ee6abbd0f056e20b85994db55c16ac6ead/rapidfuzz-3.12.2-cp312-cp312-musllinux_1_2_ppc64le.whl", hash = "sha256:544a47190a0d25971658a9365dba7095397b4ce3e897f7dd0a77ca2cf6fa984e", size = 2874048 },
    { url = "https://files.pythonhosted.org/packages/6c/3f/8d433d964c6e476476ee53eae5fa77b9f16b38d312eb1571e9099a6a3b12/rapidfuzz-3.12.2-cp312-cp312-musllinux_1_2_s390x.whl", hash = "sha256:f21af27c5e001f0ba1b88c36a0936437dfe034c452548d998891c21125eb640f", size = 3522801 },
    { url = "https://files.pythonhosted.org/packages/82/85/4931bfa41ef837b1544838e46e0556640d18114b3da9cf05e10defff00ae/rapidfuzz-3.12.2-cp312-cp312-musllinux_1_2_x86_64.whl", hash = "sha256:b63170d9db00629b5b3f2862114d8d6ee19127eaba0eee43762d62a25817dbe0", size = 4567304 },
    { url = "https://files.pythonhosted.org/packages/b1/fe/fdae322869885115dd19a38c1da71b73a8832aa77757c93f460743d4f54c/rapidfuzz-3.12.2-cp312-cp312-win32.whl", hash = "sha256:6c7152d77b2eb6bfac7baa11f2a9c45fd5a2d848dbb310acd0953b3b789d95c9", size = 1845332 },
    { url = "https://files.pythonhosted.org/packages/ca/a4/2ccebda5fb8a266d163d57a42c2a6ef6f91815df5d89cf38c12e8aa6ed0b/rapidfuzz-3.12.2-cp312-cp312-win_amd64.whl", hash = "sha256:1a314d170ee272ac87579f25a6cf8d16a031e1f7a7b07663434b41a1473bc501", size = 1617926 },
    { url = "https://files.pythonhosted.org/packages/a5/bc/aa8a4dc4ebff966dd039cce017c614cfd202049b4d1a2daafee7d018521b/rapidfuzz-3.12.2-cp312-cp312-win_arm64.whl", hash = "sha256:d41e8231326e94fd07c4d8f424f6bed08fead6f5e6688d1e6e787f1443ae7631", size = 864737 },
    { url = "https://files.pythonhosted.org/packages/96/59/2ea3b5bb82798eae73d6ee892264ebfe42727626c1f0e96c77120f0d5cf6/rapidfuzz-3.12.2-cp313-cp313-macosx_10_13_x86_64.whl", hash = "sha256:941f31038dba5d3dedcfcceba81d61570ad457c873a24ceb13f4f44fcb574260", size = 1936870 },
    { url = "https://files.pythonhosted.org/packages/54/85/4e486bf9ea05e771ad231731305ed701db1339157f630b76b246ce29cf71/rapidfuzz-3.12.2-cp313-cp313-macosx_11_0_arm64.whl", hash = "sha256:fe2dfc454ee51ba168a67b1e92b72aad251e45a074972cef13340bbad2fd9438", size = 1424231 },
    { url = "https://files.pythonhosted.org/packages/dc/60/aeea3eed402c40a8cf055d554678769fbee0dd95c22f04546070a22bb90e/rapidfuzz-3.12.2-cp313-cp313-manylinux_2_17_aarch64.manylinux2014_aarch64.whl", hash = "sha256:78fafaf7f5a48ee35ccd7928339080a0136e27cf97396de45259eca1d331b714", size = 1398055 },
    { url = "https://files.pythonhosted.org/packages/33/6b/757106f4c21fe3f20ce13ba3df560da60e52fe0dc390fd22bf613761669c/rapidfuzz-3.12.2-cp313-cp313-manylinux_2_17_i686.manylinux2014_i686.whl", hash = "sha256:e0c7989ff32c077bb8fd53253fd6ca569d1bfebc80b17557e60750e6909ba4fe", size = 5526188 },
    { url = "https://files.pythonhosted.org/packages/1e/a2/7c680cdc5532746dba67ecf302eed975252657094e50ae334fa9268352e8/rapidfuzz-3.12.2-cp313-cp313-manylinux_2_17_ppc64le.manylinux2014_ppc64le.whl", hash = "sha256:96fa00bc105caa34b6cd93dca14a29243a3a7f0c336e4dcd36348d38511e15ac", size = 1648483 },
    { url = "https://files.pythonhosted.org/packages/f6/b0/ce942a1448b1a75d64af230dd746dede502224dd29ca9001665bbfd4bee6/rapidfuzz-3.12.2-cp313-cp313-manylinux_2_17_s390x.manylinux2014_s390x.whl", hash = "sha256:bccfb30c668620c5bc3490f2dc7d7da1cca0ead5a9da8b755e2e02e2ef0dff14", size = 1676076 },
    { url = "https://files.pythonhosted.org/packages/ba/71/81f77b08333200be6984b6cdf2bdfd7cfca4943f16b478a2f7838cba8d66/rapidfuzz-3.12.2-cp313-cp313-manylinux_2_17_x86_64.manylinux2014_x86_64.whl", hash = "sha256:2f9b0adc3d894beb51f5022f64717b6114a6fabaca83d77e93ac7675911c8cc5", size = 3114169 },
    { url = "https://files.pythonhosted.org/packages/01/16/f3f34b207fdc8c61a33f9d2d61fc96b62c7dadca88bda1df1be4b94afb0b/rapidfuzz-3.12.2-cp313-cp313-musllinux_1_2_aarch64.whl", hash = "sha256:32691aa59577f42864d5535cb6225d0f47e2c7bff59cf4556e5171e96af68cc1", size = 2485317 },
    { url = "https://files.pythonhosted.org/packages/b2/a6/b954f0766f644eb8dd8df44703e024ab4f5f15a8f8f5ea969963dd036f50/rapidfuzz-3.12.2-cp313-cp313-musllinux_1_2_i686.whl", hash = "sha256:758b10380ad34c1f51753a070d7bb278001b5e6fcf544121c6df93170952d705", size = 7844495 },
    { url = "https://files.pythonhosted.org/packages/fb/8f/1dc604d05e07150a02b56a8ffc47df75ce316c65467259622c9edf098451/rapidfuzz-3.12.2-cp313-cp313-musllinux_1_2_ppc64le.whl", hash = "sha256:50a9c54c0147b468363119132d514c5024fbad1ed8af12bd8bd411b0119f9208", size = 2873242 },
    { url = "https://files.pythonhosted.org/packages/78/a9/9c649ace4b7f885e0a5fdcd1f33b057ebd83ecc2837693e6659bd944a2bb/rapidfuzz-3.12.2-cp313-cp313-musllinux_1_2_s390x.whl", hash = "sha256:e3ceb87c11d2d0fbe8559bb795b0c0604b84cfc8bb7b8720b5c16e9e31e00f41", size = 3519124 },
    { url = "https://files.pythonhosted.org/packages/f5/81/ce0b774e540a2e22ec802e383131d7ead18347197304d584c4ccf7b8861a/rapidfuzz-3.12.2-cp313-cp313-musllinux_1_2_x86_64.whl", hash = "sha256:f7c9a003002434889255ff5676ca0f8934a478065ab5e702f75dc42639505bba", size = 4557831 },
    { url = "https://files.pythonhosted.org/packages/13/28/7bf0ee8d35efa7ab14e83d1795cdfd54833aa0428b6f87e987893136c372/rapidfuzz-3.12.2-cp313-cp313-win32.whl", hash = "sha256:cf165a76870cd875567941cf861dfd361a0a6e6a56b936c5d30042ddc9def090", size = 1842802 },
    { url = "https://files.pythonhosted.org/packages/ef/7e/792d609484776c8a40e1695ebd28b62196be9f8347b785b9104604dc7268/rapidfuzz-3.12.2-cp313-cp313-win_amd64.whl", hash = "sha256:55bcc003541f5f16ec0a73bf6de758161973f9e8d75161954380738dd147f9f2", size = 1615808 },
    { url = "https://files.pythonhosted.org/packages/4b/43/ca3d1018b392f49131843648e10b08ace23afe8dad3bee5f136e4346b7cd/rapidfuzz-3.12.2-cp313-cp313-win_arm64.whl", hash = "sha256:69f6ecdf1452139f2b947d0c169a605de578efdb72cbb2373cb0a94edca1fd34", size = 863535 },
    { url = "https://files.pythonhosted.org/packages/92/77/a72abb16c5cb093980570871aa152e6d47fc9cf2482daeea9687708be655/rapidfuzz-3.12.2-pp310-pypy310_pp73-macosx_10_15_x86_64.whl", hash = "sha256:e5fd3ce849b27d063755829cda27a9dab6dbd63be3801f2a40c60ec563a4c90f", size = 1858463 },
    { url = "https://files.pythonhosted.org/packages/8c/93/06a29076722ef6b05a81132eac9847592185ee97a1dadc7ead2f37334ebe/rapidfuzz-3.12.2-pp310-pypy310_pp73-macosx_11_0_arm64.whl", hash = "sha256:54e53662d71ed660c83c5109127c8e30b9e607884b7c45d2aff7929bbbd00589", size = 1368517 },
    { url = "https://files.pythonhosted.org/packages/f9/4f/36e8ae37e82a617b8d8da8162744bf69b15091743c3f70699090cb793dd5/rapidfuzz-3.12.2-pp310-pypy310_pp73-manylinux_2_17_aarch64.manylinux2014_aarch64.whl", hash = "sha256:2b9e43cf2213e524f3309d329f1ad8dbf658db004ed44f6ae1cd2919aa997da5", size = 1364411 },
    { url = "https://files.pythonhosted.org/packages/63/f5/ac535622eb163b9a242c40633587916e71f23233bcd6e3d3e70ae2a99a4c/rapidfuzz-3.12.2-pp310-pypy310_pp73-manylinux_2_17_i686.manylinux2014_i686.whl", hash = "sha256:29ca445e320e5a8df3bd1d75b4fa4ecfa7c681942b9ac65b55168070a1a1960e", size = 5486500 },
    { url = "https://files.pythonhosted.org/packages/6f/de/87fcb20fda640a2cf0cebe4b0dc3ab970b1ef8a9d48d05363e375fc05982/rapidfuzz-3.12.2-pp310-pypy310_pp73-manylinux_2_17_x86_64.manylinux2014_x86_64.whl", hash = "sha256:83eb7ef732c2f8533c6b5fbe69858a722c218acc3e1fc190ab6924a8af7e7e0e", size = 3064900 },
    { url = "https://files.pythonhosted.org/packages/c3/67/c7c4129e8b8b674a7b1d82edc36ed093418fdcf011e3a25150895b24a963/rapidfuzz-3.12.2-pp310-pypy310_pp73-win_amd64.whl", hash = "sha256:648adc2dd2cf873efc23befcc6e75754e204a409dfa77efd0fea30d08f22ef9d", size = 1555181 },
    { url = "https://files.pythonhosted.org/packages/ee/4d/e910b70839d88d1c38ba806b0ddaa94b478cca8a09f4e7155b2b607c34b2/rapidfuzz-3.12.2-pp311-pypy311_pp73-macosx_10_15_x86_64.whl", hash = "sha256:9b1e6f48e1ffa0749261ee23a1c6462bdd0be5eac83093f4711de17a42ae78ad", size = 1860425 },
    { url = "https://files.pythonhosted.org/packages/fd/62/54914f63e185539fbcca65acb1f7c879740a278d240527ed5ddd40bd7690/rapidfuzz-3.12.2-pp311-pypy311_pp73-macosx_11_0_arm64.whl", hash = "sha256:1ae9ded463f2ca4ba1eb762913c5f14c23d2e120739a62b7f4cc102eab32dc90", size = 1369066 },
    { url = "https://files.pythonhosted.org/packages/56/4a/de2cfab279497d0b2529d3fec398f60cf8e27a51d667b6529081fbdb0af2/rapidfuzz-3.12.2-pp311-pypy311_pp73-manylinux_2_17_aarch64.manylinux2014_aarch64.whl", hash = "sha256:dda45f47b559be72ecbce45c7f71dc7c97b9772630ab0f3286d97d2c3025ab71", size = 1365330 },
    { url = "https://files.pythonhosted.org/packages/dd/48/170c37cfdf04efa34e7cafc688a8517c9098c1d27e1513393ad71bf3165c/rapidfuzz-3.12.2-pp311-pypy311_pp73-manylinux_2_17_i686.manylinux2014_i686.whl", hash = "sha256:b3745c6443890265513a3c8777f2de4cb897aeb906a406f97741019be8ad5bcc", size = 5481251 },
    { url = "https://files.pythonhosted.org/packages/4e/2d/107c489443f6438780d2e40747d5880c8d9374a64e17487eb4085fe7f1f5/rapidfuzz-3.12.2-pp311-pypy311_pp73-manylinux_2_17_x86_64.manylinux2014_x86_64.whl", hash = "sha256:36d3ef4f047ed1bc96fa29289f9e67a637ddca5e4f4d3dc7cb7f50eb33ec1664", size = 3060633 },
    { url = "https://files.pythonhosted.org/packages/09/f6/fa777f336629aee8938f3d5c95c09df38459d4eadbdbe34642889857fb6a/rapidfuzz-3.12.2-pp311-pypy311_pp73-win_amd64.whl", hash = "sha256:54bb69ebe5ca0bd7527357e348f16a4c0c52fe0c2fcc8a041010467dcb8385f7", size = 1555000 },
]

[[package]]
name = "scipy"
version = "1.15.2"
source = { registry = "https://pypi.org/simple" }
dependencies = [
    { name = "numpy" },
]
sdist = { url = "https://files.pythonhosted.org/packages/b7/b9/31ba9cd990e626574baf93fbc1ac61cf9ed54faafd04c479117517661637/scipy-1.15.2.tar.gz", hash = "sha256:cd58a314d92838f7e6f755c8a2167ead4f27e1fd5c1251fd54289569ef3495ec", size = 59417316 }
wheels = [
    { url = "https://files.pythonhosted.org/packages/95/df/ef233fff6838fe6f7840d69b5ef9f20d2b5c912a8727b21ebf876cb15d54/scipy-1.15.2-cp310-cp310-macosx_10_13_x86_64.whl", hash = "sha256:a2ec871edaa863e8213ea5df811cd600734f6400b4af272e1c011e69401218e9", size = 38692502 },
    { url = "https://files.pythonhosted.org/packages/5c/20/acdd4efb8a68b842968f7bc5611b1aeb819794508771ad104de418701422/scipy-1.15.2-cp310-cp310-macosx_12_0_arm64.whl", hash = "sha256:6f223753c6ea76983af380787611ae1291e3ceb23917393079dcc746ba60cfb5", size = 30085508 },
    { url = "https://files.pythonhosted.org/packages/42/55/39cf96ca7126f1e78ee72a6344ebdc6702fc47d037319ad93221063e6cf4/scipy-1.15.2-cp310-cp310-macosx_14_0_arm64.whl", hash = "sha256:ecf797d2d798cf7c838c6d98321061eb3e72a74710e6c40540f0e8087e3b499e", size = 22359166 },
    { url = "https://files.pythonhosted.org/packages/51/48/708d26a4ab8a1441536bf2dfcad1df0ca14a69f010fba3ccbdfc02df7185/scipy-1.15.2-cp310-cp310-macosx_14_0_x86_64.whl", hash = "sha256:9b18aa747da280664642997e65aab1dd19d0c3d17068a04b3fe34e2559196cb9", size = 25112047 },
    { url = "https://files.pythonhosted.org/packages/dd/65/f9c5755b995ad892020381b8ae11f16d18616208e388621dfacc11df6de6/scipy-1.15.2-cp310-cp310-manylinux_2_17_aarch64.manylinux2014_aarch64.whl", hash = "sha256:87994da02e73549dfecaed9e09a4f9d58a045a053865679aeb8d6d43747d4df3", size = 35536214 },
    { url = "https://files.pythonhosted.org/packages/de/3c/c96d904b9892beec978562f64d8cc43f9cca0842e65bd3cd1b7f7389b0ba/scipy-1.15.2-cp310-cp310-manylinux_2_17_x86_64.manylinux2014_x86_64.whl", hash = "sha256:69ea6e56d00977f355c0f84eba69877b6df084516c602d93a33812aa04d90a3d", size = 37646981 },
    { url = "https://files.pythonhosted.org/packages/3d/74/c2d8a24d18acdeae69ed02e132b9bc1bb67b7bee90feee1afe05a68f9d67/scipy-1.15.2-cp310-cp310-musllinux_1_2_aarch64.whl", hash = "sha256:888307125ea0c4466287191e5606a2c910963405ce9671448ff9c81c53f85f58", size = 37230048 },
    { url = "https://files.pythonhosted.org/packages/42/19/0aa4ce80eca82d487987eff0bc754f014dec10d20de2f66754fa4ea70204/scipy-1.15.2-cp310-cp310-musllinux_1_2_x86_64.whl", hash = "sha256:9412f5e408b397ff5641080ed1e798623dbe1ec0d78e72c9eca8992976fa65aa", size = 40010322 },
    { url = "https://files.pythonhosted.org/packages/d0/d2/f0683b7e992be44d1475cc144d1f1eeae63c73a14f862974b4db64af635e/scipy-1.15.2-cp310-cp310-win_amd64.whl", hash = "sha256:b5e025e903b4f166ea03b109bb241355b9c42c279ea694d8864d033727205e65", size = 41233385 },
    { url = "https://files.pythonhosted.org/packages/40/1f/bf0a5f338bda7c35c08b4ed0df797e7bafe8a78a97275e9f439aceb46193/scipy-1.15.2-cp311-cp311-macosx_10_13_x86_64.whl", hash = "sha256:92233b2df6938147be6fa8824b8136f29a18f016ecde986666be5f4d686a91a4", size = 38703651 },
    { url = "https://files.pythonhosted.org/packages/de/54/db126aad3874601048c2c20ae3d8a433dbfd7ba8381551e6f62606d9bd8e/scipy-1.15.2-cp311-cp311-macosx_12_0_arm64.whl", hash = "sha256:62ca1ff3eb513e09ed17a5736929429189adf16d2d740f44e53270cc800ecff1", size = 30102038 },
    { url = "https://files.pythonhosted.org/packages/61/d8/84da3fffefb6c7d5a16968fe5b9f24c98606b165bb801bb0b8bc3985200f/scipy-1.15.2-cp311-cp311-macosx_14_0_arm64.whl", hash = "sha256:4c6676490ad76d1c2894d77f976144b41bd1a4052107902238047fb6a473e971", size = 22375518 },
    { url = "https://files.pythonhosted.org/packages/44/78/25535a6e63d3b9c4c90147371aedb5d04c72f3aee3a34451f2dc27c0c07f/scipy-1.15.2-cp311-cp311-macosx_14_0_x86_64.whl", hash = "sha256:a8bf5cb4a25046ac61d38f8d3c3426ec11ebc350246a4642f2f315fe95bda655", size = 25142523 },
    { url = "https://files.pythonhosted.org/packages/e0/22/4b4a26fe1cd9ed0bc2b2cb87b17d57e32ab72c346949eaf9288001f8aa8e/scipy-1.15.2-cp311-cp311-manylinux_2_17_aarch64.manylinux2014_aarch64.whl", hash = "sha256:6a8e34cf4c188b6dd004654f88586d78f95639e48a25dfae9c5e34a6dc34547e", size = 35491547 },
    { url = "https://files.pythonhosted.org/packages/32/ea/564bacc26b676c06a00266a3f25fdfe91a9d9a2532ccea7ce6dd394541bc/scipy-1.15.2-cp311-cp311-manylinux_2_17_x86_64.manylinux2014_x86_64.whl", hash = "sha256:28a0d2c2075946346e4408b211240764759e0fabaeb08d871639b5f3b1aca8a0", size = 37634077 },
    { url = "https://files.pythonhosted.org/packages/43/c2/bfd4e60668897a303b0ffb7191e965a5da4056f0d98acfb6ba529678f0fb/scipy-1.15.2-cp311-cp311-musllinux_1_2_aarch64.whl", hash = "sha256:42dabaaa798e987c425ed76062794e93a243be8f0f20fff6e7a89f4d61cb3d40", size = 37231657 },
    { url = "https://files.pythonhosted.org/packages/4a/75/5f13050bf4f84c931bcab4f4e83c212a36876c3c2244475db34e4b5fe1a6/scipy-1.15.2-cp311-cp311-musllinux_1_2_x86_64.whl", hash = "sha256:6f5e296ec63c5da6ba6fa0343ea73fd51b8b3e1a300b0a8cae3ed4b1122c7462", size = 40035857 },
    { url = "https://files.pythonhosted.org/packages/b9/8b/7ec1832b09dbc88f3db411f8cdd47db04505c4b72c99b11c920a8f0479c3/scipy-1.15.2-cp311-cp311-win_amd64.whl", hash = "sha256:597a0c7008b21c035831c39927406c6181bcf8f60a73f36219b69d010aa04737", size = 41217654 },
    { url = "https://files.pythonhosted.org/packages/4b/5d/3c78815cbab499610f26b5bae6aed33e227225a9fa5290008a733a64f6fc/scipy-1.15.2-cp312-cp312-macosx_10_13_x86_64.whl", hash = "sha256:c4697a10da8f8765bb7c83e24a470da5797e37041edfd77fd95ba3811a47c4fd", size = 38756184 },
    { url = "https://files.pythonhosted.org/packages/37/20/3d04eb066b471b6e171827548b9ddb3c21c6bbea72a4d84fc5989933910b/scipy-1.15.2-cp312-cp312-macosx_12_0_arm64.whl", hash = "sha256:869269b767d5ee7ea6991ed7e22b3ca1f22de73ab9a49c44bad338b725603301", size = 30163558 },
    { url = "https://files.pythonhosted.org/packages/a4/98/e5c964526c929ef1f795d4c343b2ff98634ad2051bd2bbadfef9e772e413/scipy-1.15.2-cp312-cp312-macosx_14_0_arm64.whl", hash = "sha256:bad78d580270a4d32470563ea86c6590b465cb98f83d760ff5b0990cb5518a93", size = 22437211 },
    { url = "https://files.pythonhosted.org/packages/1d/cd/1dc7371e29195ecbf5222f9afeedb210e0a75057d8afbd942aa6cf8c8eca/scipy-1.15.2-cp312-cp312-macosx_14_0_x86_64.whl", hash = "sha256:b09ae80010f52efddb15551025f9016c910296cf70adbf03ce2a8704f3a5ad20", size = 25232260 },
    { url = "https://files.pythonhosted.org/packages/f0/24/1a181a9e5050090e0b5138c5f496fee33293c342b788d02586bc410c6477/scipy-1.15.2-cp312-cp312-manylinux_2_17_aarch64.manylinux2014_aarch64.whl", hash = "sha256:5a6fd6eac1ce74a9f77a7fc724080d507c5812d61e72bd5e4c489b042455865e", size = 35198095 },
    { url = "https://files.pythonhosted.org/packages/c0/53/eaada1a414c026673eb983f8b4a55fe5eb172725d33d62c1b21f63ff6ca4/scipy-1.15.2-cp312-cp312-manylinux_2_17_x86_64.manylinux2014_x86_64.whl", hash = "sha256:2b871df1fe1a3ba85d90e22742b93584f8d2b8e6124f8372ab15c71b73e428b8", size = 37297371 },
    { url = "https://files.pythonhosted.org/packages/e9/06/0449b744892ed22b7e7b9a1994a866e64895363572677a316a9042af1fe5/scipy-1.15.2-cp312-cp312-musllinux_1_2_aarch64.whl", hash = "sha256:03205d57a28e18dfd39f0377d5002725bf1f19a46f444108c29bdb246b6c8a11", size = 36872390 },
    { url = "https://files.pythonhosted.org/packages/6a/6f/a8ac3cfd9505ec695c1bc35edc034d13afbd2fc1882a7c6b473e280397bb/scipy-1.15.2-cp312-cp312-musllinux_1_2_x86_64.whl", hash = "sha256:601881dfb761311045b03114c5fe718a12634e5608c3b403737ae463c9885d53", size = 39700276 },
    { url = "https://files.pythonhosted.org/packages/f5/6f/e6e5aff77ea2a48dd96808bb51d7450875af154ee7cbe72188afb0b37929/scipy-1.15.2-cp312-cp312-win_amd64.whl", hash = "sha256:e7c68b6a43259ba0aab737237876e5c2c549a031ddb7abc28c7b47f22e202ded", size = 40942317 },
    { url = "https://files.pythonhosted.org/packages/53/40/09319f6e0f276ea2754196185f95cd191cb852288440ce035d5c3a931ea2/scipy-1.15.2-cp313-cp313-macosx_10_13_x86_64.whl", hash = "sha256:01edfac9f0798ad6b46d9c4c9ca0e0ad23dbf0b1eb70e96adb9fa7f525eff0bf", size = 38717587 },
    { url = "https://files.pythonhosted.org/packages/fe/c3/2854f40ecd19585d65afaef601e5e1f8dbf6758b2f95b5ea93d38655a2c6/scipy-1.15.2-cp313-cp313-macosx_12_0_arm64.whl", hash = "sha256:08b57a9336b8e79b305a143c3655cc5bdbe6d5ece3378578888d2afbb51c4e37", size = 30100266 },
    { url = "https://files.pythonhosted.org/packages/dd/b1/f9fe6e3c828cb5930b5fe74cb479de5f3d66d682fa8adb77249acaf545b8/scipy-1.15.2-cp313-cp313-macosx_14_0_arm64.whl", hash = "sha256:54c462098484e7466362a9f1672d20888f724911a74c22ae35b61f9c5919183d", size = 22373768 },
    { url = "https://files.pythonhosted.org/packages/15/9d/a60db8c795700414c3f681908a2b911e031e024d93214f2d23c6dae174ab/scipy-1.15.2-cp313-cp313-macosx_14_0_x86_64.whl", hash = "sha256:cf72ff559a53a6a6d77bd8eefd12a17995ffa44ad86c77a5df96f533d4e6c6bb", size = 25154719 },
    { url = "https://files.pythonhosted.org/packages/37/3b/9bda92a85cd93f19f9ed90ade84aa1e51657e29988317fabdd44544f1dd4/scipy-1.15.2-cp313-cp313-manylinux_2_17_aarch64.manylinux2014_aarch64.whl", hash = "sha256:9de9d1416b3d9e7df9923ab23cd2fe714244af10b763975bea9e4f2e81cebd27", size = 35163195 },
    { url = "https://files.pythonhosted.org/packages/03/5a/fc34bf1aa14dc7c0e701691fa8685f3faec80e57d816615e3625f28feb43/scipy-1.15.2-cp313-cp313-manylinux_2_17_x86_64.manylinux2014_x86_64.whl", hash = "sha256:fb530e4794fc8ea76a4a21ccb67dea33e5e0e60f07fc38a49e821e1eae3b71a0", size = 37255404 },
    { url = "https://files.pythonhosted.org/packages/4a/71/472eac45440cee134c8a180dbe4c01b3ec247e0338b7c759e6cd71f199a7/scipy-1.15.2-cp313-cp313-musllinux_1_2_aarch64.whl", hash = "sha256:5ea7ed46d437fc52350b028b1d44e002646e28f3e8ddc714011aaf87330f2f32", size = 36860011 },
    { url = "https://files.pythonhosted.org/packages/01/b3/21f890f4f42daf20e4d3aaa18182dddb9192771cd47445aaae2e318f6738/scipy-1.15.2-cp313-cp313-musllinux_1_2_x86_64.whl", hash = "sha256:11e7ad32cf184b74380f43d3c0a706f49358b904fa7d5345f16ddf993609184d", size = 39657406 },
    { url = "https://files.pythonhosted.org/packages/0d/76/77cf2ac1f2a9cc00c073d49e1e16244e389dd88e2490c91d84e1e3e4d126/scipy-1.15.2-cp313-cp313-win_amd64.whl", hash = "sha256:a5080a79dfb9b78b768cebf3c9dcbc7b665c5875793569f48bf0e2b1d7f68f6f", size = 40961243 },
    { url = "https://files.pythonhosted.org/packages/4c/4b/a57f8ddcf48e129e6054fa9899a2a86d1fc6b07a0e15c7eebff7ca94533f/scipy-1.15.2-cp313-cp313t-macosx_10_13_x86_64.whl", hash = "sha256:447ce30cee6a9d5d1379087c9e474628dab3db4a67484be1b7dc3196bfb2fac9", size = 38870286 },
    { url = "https://files.pythonhosted.org/packages/0c/43/c304d69a56c91ad5f188c0714f6a97b9c1fed93128c691148621274a3a68/scipy-1.15.2-cp313-cp313t-macosx_12_0_arm64.whl", hash = "sha256:c90ebe8aaa4397eaefa8455a8182b164a6cc1d59ad53f79943f266d99f68687f", size = 30141634 },
    { url = "https://files.pythonhosted.org/packages/44/1a/6c21b45d2548eb73be9b9bff421aaaa7e85e22c1f9b3bc44b23485dfce0a/scipy-1.15.2-cp313-cp313t-macosx_14_0_arm64.whl", hash = "sha256:def751dd08243934c884a3221156d63e15234a3155cf25978b0a668409d45eb6", size = 22415179 },
    { url = "https://files.pythonhosted.org/packages/74/4b/aefac4bba80ef815b64f55da06f62f92be5d03b467f2ce3668071799429a/scipy-1.15.2-cp313-cp313t-macosx_14_0_x86_64.whl", hash = "sha256:302093e7dfb120e55515936cb55618ee0b895f8bcaf18ff81eca086c17bd80af", size = 25126412 },
    { url = "https://files.pythonhosted.org/packages/b1/53/1cbb148e6e8f1660aacd9f0a9dfa2b05e9ff1cb54b4386fe868477972ac2/scipy-1.15.2-cp313-cp313t-manylinux_2_17_aarch64.manylinux2014_aarch64.whl", hash = "sha256:7cd5b77413e1855351cdde594eca99c1f4a588c2d63711388b6a1f1c01f62274", size = 34952867 },
    { url = "https://files.pythonhosted.org/packages/2c/23/e0eb7f31a9c13cf2dca083828b97992dd22f8184c6ce4fec5deec0c81fcf/scipy-1.15.2-cp313-cp313t-manylinux_2_17_x86_64.manylinux2014_x86_64.whl", hash = "sha256:6d0194c37037707b2afa7a2f2a924cf7bac3dc292d51b6a925e5fcb89bc5c776", size = 36890009 },
    { url = "https://files.pythonhosted.org/packages/03/f3/e699e19cabe96bbac5189c04aaa970718f0105cff03d458dc5e2b6bd1e8c/scipy-1.15.2-cp313-cp313t-musllinux_1_2_aarch64.whl", hash = "sha256:bae43364d600fdc3ac327db99659dcb79e6e7ecd279a75fe1266669d9a652828", size = 36545159 },
    { url = "https://files.pythonhosted.org/packages/af/f5/ab3838e56fe5cc22383d6fcf2336e48c8fe33e944b9037fbf6cbdf5a11f8/scipy-1.15.2-cp313-cp313t-musllinux_1_2_x86_64.whl", hash = "sha256:f031846580d9acccd0044efd1a90e6f4df3a6e12b4b6bd694a7bc03a89892b28", size = 39136566 },
    { url = "https://files.pythonhosted.org/packages/0a/c8/b3f566db71461cabd4b2d5b39bcc24a7e1c119535c8361f81426be39bb47/scipy-1.15.2-cp313-cp313t-win_amd64.whl", hash = "sha256:fe8a9eb875d430d81755472c5ba75e84acc980e4a8f6204d402849234d3017db", size = 40477705 },
]
